
Microsoft Visual Studio Solution File, Format Version 11.00
# Visual Studio 2010
Project("{8BC9CEB8-8B4A-11D0-8D11-00A0C91BC942}") = "MFC_test_2", "MFC_test_2\MFC_test_2.vcxproj", "{4FAB4E09-F14A-41CB-9096-AE3B4922815D}"
EndProject
Global
	GlobalSection(SolutionConfigurationPlatforms) = preSolution
		Debug|Win32 = Debug|Win32
		Release|Win32 = Release|Win32
	EndGlobalSection
	GlobalSection(ProjectConfigurationPlatforms) = postSolution
		{4FAB4E09-F14A-41CB-9096-AE3B4922815D}.Debug|Win32.ActiveCfg = Debug|Win32
		{4FAB4E09-F14A-41CB-9096-AE3B4922815D}.Debug|Win32.Build.0 = Debug|Win32
		{4FAB4E09-F14A-41CB-9096-AE3B4922815D}.Release|Win32.ActiveCfg = Release|Win32
		{4FAB4E09-F14A-41CB-9096-AE3B4922815D}.Release|Win32.Build.0 = Release|Win32
	EndGlobalSection
	GlobalSection(SolutionProperties) = preSolution
		HideSolutionNode = FALSE
	EndGlobalSection
EndGlobal
